// !$*UTF8*$!
{
	archiveVersion = 1;
	classes = {
	};
	objectVersion = 48;
	objects = {

/* Begin PBXBuildFile section */
		2E67C99E1CC583D8B09D71DC /* Pods_TipCalculatorTests.framework in Frameworks */ = {isa = PBXBuildFile; fileRef = B573538D01C2B38F2072A0A8 /* Pods_TipCalculatorTests.framework */; };
		492B4AF25EC750B8BF93B3B9 /* Pods_TipCalculatorUITests.framework in Frameworks */ = {isa = PBXBuildFile; fileRef = E9A56B960C0C3A58B11D3911 /* Pods_TipCalculatorUITests.framework */; };
		89777882325B084185155BA6 /* Pods_TipCalculator.framework in Frameworks */ = {isa = PBXBuildFile; fileRef = 4FAA5152F6DC1CE8971FB9E1 /* Pods_TipCalculator.framework */; };
		984F3C381FA96013001D738F /* AppDelegate.swift in Sources */ = {isa = PBXBuildFile; fileRef = 984F3C371FA96013001D738F /* AppDelegate.swift */; };
		984F3C3A1FA96013001D738F /* ViewController.swift in Sources */ = {isa = PBXBuildFile; fileRef = 984F3C391FA96013001D738F /* ViewController.swift */; };
		984F3C3D1FA96013001D738F /* Main.storyboard in Resources */ = {isa = PBXBuildFile; fileRef = 984F3C3B1FA96013001D738F /* Main.storyboard */; };
		984F3C3F1FA96013001D738F /* Assets.xcassets in Resources */ = {isa = PBXBuildFile; fileRef = 984F3C3E1FA96013001D738F /* Assets.xcassets */; };
		984F3C421FA96013001D738F /* LaunchScreen.storyboard in Resources */ = {isa = PBXBuildFile; fileRef = 984F3C401FA96013001D738F /* LaunchScreen.storyboard */; };
		984F3C4D1FA96013001D738F /* TipCalculatorTests.swift in Sources */ = {isa = PBXBuildFile; fileRef = 984F3C4C1FA96013001D738F /* TipCalculatorTests.swift */; };
		984F3C581FA96013001D738F /* TipCalculatorUITests.swift in Sources */ = {isa = PBXBuildFile; fileRef = 984F3C571FA96013001D738F /* TipCalculatorUITests.swift */; };
		9881DE401FAA62EF000A89A2 /* SettingsViewController.swift in Sources */ = {isa = PBXBuildFile; fileRef = 9881DE3F1FAA62EF000A89A2 /* SettingsViewController.swift */; };
		9881DE451FAA6A82000A89A2 /* billTextField.swift in Sources */ = {isa = PBXBuildFile; fileRef = 9881DE441FAA6A82000A89A2 /* billTextField.swift */; };
/* End PBXBuildFile section */

/* Begin PBXContainerItemProxy section */
		984F3C491FA96013001D738F /* PBXContainerItemProxy */ = {
			isa = PBXContainerItemProxy;
			containerPortal = 984F3C2C1FA96012001D738F /* Project object */;
			proxyType = 1;
			remoteGlobalIDString = 984F3C331FA96013001D738F;
			remoteInfo = TipCalculator;
		};
		984F3C541FA96013001D738F /* PBXContainerItemProxy */ = {
			isa = PBXContainerItemProxy;
			containerPortal = 984F3C2C1FA96012001D738F /* Project object */;
			proxyType = 1;
			remoteGlobalIDString = 984F3C331FA96013001D738F;
			remoteInfo = TipCalculator;
		};
/* End PBXContainerItemProxy section */

/* Begin PBXFileReference section */
		0DE42A286CABAB2EB81CDAD4 /* Pods-TipCalculatorUITests.release.xcconfig */ = {isa = PBXFileReference; includeInIndex = 1; lastKnownFileType = text.xcconfig; name = "Pods-TipCalculatorUITests.release.xcconfig"; path = "Pods/Target Support Files/Pods-TipCalculatorUITests/Pods-TipCalculatorUITests.release.xcconfig"; sourceTree = "<group>"; };
		4FAA5152F6DC1CE8971FB9E1 /* Pods_TipCalculator.framework */ = {isa = PBXFileReference; explicitFileType = wrapper.framework; includeInIndex = 0; path = Pods_TipCalculator.framework; sourceTree = BUILT_PRODUCTS_DIR; };
		58C48E9389ED5B6E6FC5AD40 /* Pods-TipCalculator.release.xcconfig */ = {isa = PBXFileReference; includeInIndex = 1; lastKnownFileType = text.xcconfig; name = "Pods-TipCalculator.release.xcconfig"; path = "Pods/Target Support Files/Pods-TipCalculator/Pods-TipCalculator.release.xcconfig"; sourceTree = "<group>"; };
		704374E93FDBC9B41D92F2EA /* Pods-TipCalculatorTests.release.xcconfig */ = {isa = PBXFileReference; includeInIndex = 1; lastKnownFileType = text.xcconfig; name = "Pods-TipCalculatorTests.release.xcconfig"; path = "Pods/Target Support Files/Pods-TipCalculatorTests/Pods-TipCalculatorTests.release.xcconfig"; sourceTree = "<group>"; };
		96FC687C0AF8C97751AA75C5 /* Pods-TipCalculatorUITests.debug.xcconfig */ = {isa = PBXFileReference; includeInIndex = 1; lastKnownFileType = text.xcconfig; name = "Pods-TipCalculatorUITests.debug.xcconfig"; path = "Pods/Target Support Files/Pods-TipCalculatorUITests/Pods-TipCalculatorUITests.debug.xcconfig"; sourceTree = "<group>"; };
		984F3C341FA96013001D738F /* TipCalculator.app */ = {isa = PBXFileReference; explicitFileType = wrapper.application; includeInIndex = 0; path = TipCalculator.app; sourceTree = BUILT_PRODUCTS_DIR; };
		984F3C371FA96013001D738F /* AppDelegate.swift */ = {isa = PBXFileReference; lastKnownFileType = sourcecode.swift; path = AppDelegate.swift; sourceTree = "<group>"; };
		984F3C391FA96013001D738F /* ViewController.swift */ = {isa = PBXFileReference; lastKnownFileType = sourcecode.swift; path = ViewController.swift; sourceTree = "<group>"; };
		984F3C3C1FA96013001D738F /* Base */ = {isa = PBXFileReference; lastKnownFileType = file.storyboard; name = Base; path = Base.lproj/Main.storyboard; sourceTree = "<group>"; };
		984F3C3E1FA96013001D738F /* Assets.xcassets */ = {isa = PBXFileReference; lastKnownFileType = folder.assetcatalog; path = Assets.xcassets; sourceTree = "<group>"; };
		984F3C411FA96013001D738F /* Base */ = {isa = PBXFileReference; lastKnownFileType = file.storyboard; name = Base; path = Base.lproj/LaunchScreen.storyboard; sourceTree = "<group>"; };
		984F3C431FA96013001D738F /* Info.plist */ = {isa = PBXFileReference; lastKnownFileType = text.plist.xml; path = Info.plist; sourceTree = "<group>"; };
		984F3C481FA96013001D738F /* TipCalculatorTests.xctest */ = {isa = PBXFileReference; explicitFileType = wrapper.cfbundle; includeInIndex = 0; path = TipCalculatorTests.xctest; sourceTree = BUILT_PRODUCTS_DIR; };
		984F3C4C1FA96013001D738F /* TipCalculatorTests.swift */ = {isa = PBXFileReference; lastKnownFileType = sourcecode.swift; path = TipCalculatorTests.swift; sourceTree = "<group>"; };
		984F3C4E1FA96013001D738F /* Info.plist */ = {isa = PBXFileReference; lastKnownFileType = text.plist.xml; path = Info.plist; sourceTree = "<group>"; };
		984F3C531FA96013001D738F /* TipCalculatorUITests.xctest */ = {isa = PBXFileReference; explicitFileType = wrapper.cfbundle; includeInIndex = 0; path = TipCalculatorUITests.xctest; sourceTree = BUILT_PRODUCTS_DIR; };
		984F3C571FA96013001D738F /* TipCalculatorUITests.swift */ = {isa = PBXFileReference; lastKnownFileType = sourcecode.swift; path = TipCalculatorUITests.swift; sourceTree = "<group>"; };
		984F3C591FA96013001D738F /* Info.plist */ = {isa = PBXFileReference; lastKnownFileType = text.plist.xml; path = Info.plist; sourceTree = "<group>"; };
		9881DE3F1FAA62EF000A89A2 /* SettingsViewController.swift */ = {isa = PBXFileReference; lastKnownFileType = sourcecode.swift; path = SettingsViewController.swift; sourceTree = "<group>"; };
		9881DE441FAA6A82000A89A2 /* billTextField.swift */ = {isa = PBXFileReference; lastKnownFileType = sourcecode.swift; path = billTextField.swift; sourceTree = "<group>"; };
		B573538D01C2B38F2072A0A8 /* Pods_TipCalculatorTests.framework */ = {isa = PBXFileReference; explicitFileType = wrapper.framework; includeInIndex = 0; path = Pods_TipCalculatorTests.framework; sourceTree = BUILT_PRODUCTS_DIR; };
		C361B3FC73BE7698E664405E /* Pods-TipCalculator.debug.xcconfig */ = {isa = PBXFileReference; includeInIndex = 1; lastKnownFileType = text.xcconfig; name = "Pods-TipCalculator.debug.xcconfig"; path = "Pods/Target Support Files/Pods-TipCalculator/Pods-TipCalculator.debug.xcconfig"; sourceTree = "<group>"; };
		C679CCB8EB918EBABF05D050 /* Pods-TipCalculatorTests.debug.xcconfig */ = {isa = PBXFileReference; includeInIndex = 1; lastKnownFileType = text.xcconfig; name = "Pods-TipCalculatorTests.debug.xcconfig"; path = "Pods/Target Support Files/Pods-TipCalculatorTests/Pods-TipCalculatorTests.debug.xcconfig"; sourceTree = "<group>"; };
		E9A56B960C0C3A58B11D3911 /* Pods_TipCalculatorUITests.framework */ = {isa = PBXFileReference; explicitFileType = wrapper.framework; includeInIndex = 0; path = Pods_TipCalculatorUITests.framework; sourceTree = BUILT_PRODUCTS_DIR; };
/* End PBXFileReference section */

/* Begin PBXFrameworksBuildPhase section */
		984F3C311FA96013001D738F /* Frameworks */ = {
			isa = PBXFrameworksBuildPhase;
			buildActionMask = 2147483647;
			files = (
				89777882325B084185155BA6 /* Pods_TipCalculator.framework in Frameworks */,
			);
			runOnlyForDeploymentPostprocessing = 0;
		};
		984F3C451FA96013001D738F /* Frameworks */ = {
			isa = PBXFrameworksBuildPhase;
			buildActionMask = 2147483647;
			files = (
				2E67C99E1CC583D8B09D71DC /* Pods_TipCalculatorTests.framework in Frameworks */,
			);
			runOnlyForDeploymentPostprocessing = 0;
		};
		984F3C501FA96013001D738F /* Frameworks */ = {
			isa = PBXFrameworksBuildPhase;
			buildActionMask = 2147483647;
			files = (
				492B4AF25EC750B8BF93B3B9 /* Pods_TipCalculatorUITests.framework in Frameworks */,
			);
			runOnlyForDeploymentPostprocessing = 0;
		};
/* End PBXFrameworksBuildPhase section */

/* Begin PBXGroup section */
		42B41539F122B76AB91961C4 /* Frameworks */ = {
			isa = PBXGroup;
			children = (
				4FAA5152F6DC1CE8971FB9E1 /* Pods_TipCalculator.framework */,
				B573538D01C2B38F2072A0A8 /* Pods_TipCalculatorTests.framework */,
				E9A56B960C0C3A58B11D3911 /* Pods_TipCalculatorUITests.framework */,
			);
			name = Frameworks;
			sourceTree = "<group>";
		};
		83AC078BF6D2A6CA6D2118DD /* Pods */ = {
			isa = PBXGroup;
			children = (
				C361B3FC73BE7698E664405E /* Pods-TipCalculator.debug.xcconfig */,
				58C48E9389ED5B6E6FC5AD40 /* Pods-TipCalculator.release.xcconfig */,
				C679CCB8EB918EBABF05D050 /* Pods-TipCalculatorTests.debug.xcconfig */,
				704374E93FDBC9B41D92F2EA /* Pods-TipCalculatorTests.release.xcconfig */,
				96FC687C0AF8C97751AA75C5 /* Pods-TipCalculatorUITests.debug.xcconfig */,
				0DE42A286CABAB2EB81CDAD4 /* Pods-TipCalculatorUITests.release.xcconfig */,
			);
			name = Pods;
			sourceTree = "<group>";
		};
		984F3C2B1FA96012001D738F = {
			isa = PBXGroup;
			children = (
				984F3C361FA96013001D738F /* TipCalculator */,
				984F3C4B1FA96013001D738F /* TipCalculatorTests */,
				984F3C561FA96013001D738F /* TipCalculatorUITests */,
				984F3C351FA96013001D738F /* Products */,
				83AC078BF6D2A6CA6D2118DD /* Pods */,
				42B41539F122B76AB91961C4 /* Frameworks */,
			);
			sourceTree = "<group>";
		};
		984F3C351FA96013001D738F /* Products */ = {
			isa = PBXGroup;
			children = (
				984F3C341FA96013001D738F /* TipCalculator.app */,
				984F3C481FA96013001D738F /* TipCalculatorTests.xctest */,
				984F3C531FA96013001D738F /* TipCalculatorUITests.xctest */,
			);
			name = Products;
			sourceTree = "<group>";
		};
		984F3C361FA96013001D738F /* TipCalculator */ = {
			isa = PBXGroup;
			children = (
				9881DE431FAA632B000A89A2 /* Controller */,
				9881DE421FAA631B000A89A2 /* Model */,
				984F3C371FA96013001D738F /* AppDelegate.swift */,
				9881DE411FAA6305000A89A2 /* View */,
				984F3C3B1FA96013001D738F /* Main.storyboard */,
				984F3C3E1FA96013001D738F /* Assets.xcassets */,
				984F3C401FA96013001D738F /* LaunchScreen.storyboard */,
				984F3C431FA96013001D738F /* Info.plist */,
			);
			path = TipCalculator;
			sourceTree = "<group>";
		};
		984F3C4B1FA96013001D738F /* TipCalculatorTests */ = {
			isa = PBXGroup;
			children = (
				984F3C4C1FA96013001D738F /* TipCalculatorTests.swift */,
				984F3C4E1FA96013001D738F /* Info.plist */,
			);
			path = TipCalculatorTests;
			sourceTree = "<group>";
		};
		984F3C561FA96013001D738F /* TipCalculatorUITests */ = {
			isa = PBXGroup;
			children = (
				984F3C571FA96013001D738F /* TipCalculatorUITests.swift */,
				984F3C591FA96013001D738F /* Info.plist */,
			);
			path = TipCalculatorUITests;
			sourceTree = "<group>";
		};
		9881DE411FAA6305000A89A2 /* View */ = {
			isa = PBXGroup;
			children = (
				9881DE441FAA6A82000A89A2 /* billTextField.swift */,
			);
			path = View;
			sourceTree = "<group>";
		};
		9881DE421FAA631B000A89A2 /* Model */ = {
			isa = PBXGroup;
			children = (
			);
			path = Model;
			sourceTree = "<group>";
		};
		9881DE431FAA632B000A89A2 /* Controller */ = {
			isa = PBXGroup;
			children = (
				984F3C391FA96013001D738F /* ViewController.swift */,
				9881DE3F1FAA62EF000A89A2 /* SettingsViewController.swift */,
			);
			path = Controller;
			sourceTree = "<group>";
		};
/* End PBXGroup section */

/* Begin PBXNativeTarget section */
		984F3C331FA96013001D738F /* TipCalculator */ = {
			isa = PBXNativeTarget;
			buildConfigurationList = 984F3C5C1FA96013001D738F /* Build configuration list for PBXNativeTarget "TipCalculator" */;
			buildPhases = (
				2A593C08D169DC5634F7A8BF /* [CP] Check Pods Manifest.lock */,
				984F3C301FA96013001D738F /* Sources */,
				984F3C311FA96013001D738F /* Frameworks */,
				984F3C321FA96013001D738F /* Resources */,
				1555CBD2AA61E9293FF13502 /* [CP] Embed Pods Frameworks */,
				614F02E1B5EA0051BF6D53F1 /* [CP] Copy Pods Resources */,
			);
			buildRules = (
			);
			dependencies = (
			);
			name = TipCalculator;
			productName = TipCalculator;
			productReference = 984F3C341FA96013001D738F /* TipCalculator.app */;
			productType = "com.apple.product-type.application";
		};
		984F3C471FA96013001D738F /* TipCalculatorTests */ = {
			isa = PBXNativeTarget;
			buildConfigurationList = 984F3C5F1FA96013001D738F /* Build configuration list for PBXNativeTarget "TipCalculatorTests" */;
			buildPhases = (
				35FC805F7662509EC5419D28 /* [CP] Check Pods Manifest.lock */,
				984F3C441FA96013001D738F /* Sources */,
				984F3C451FA96013001D738F /* Frameworks */,
				984F3C461FA96013001D738F /* Resources */,
				2D1ABB8A955183D499AFBF3E /* [CP] Embed Pods Frameworks */,
				EACCD8072E8F32699A1E873A /* [CP] Copy Pods Resources */,
			);
			buildRules = (
			);
			dependencies = (
				984F3C4A1FA96013001D738F /* PBXTargetDependency */,
			);
			name = TipCalculatorTests;
			productName = TipCalculatorTests;
			productReference = 984F3C481FA96013001D738F /* TipCalculatorTests.xctest */;
			productType = "com.apple.product-type.bundle.unit-test";
		};
		984F3C521FA96013001D738F /* TipCalculatorUITests */ = {
			isa = PBXNativeTarget;
			buildConfigurationList = 984F3C621FA96013001D738F /* Build configuration list for PBXNativeTarget "TipCalculatorUITests" */;
			buildPhases = (
				B5656D5C36F7D03379396AF2 /* [CP] Check Pods Manifest.lock */,
				984F3C4F1FA96013001D738F /* Sources */,
				984F3C501FA96013001D738F /* Frameworks */,
				984F3C511FA96013001D738F /* Resources */,
				EE5E3618F3251A422DF3566A /* [CP] Embed Pods Frameworks */,
				0A90216DD31353C2BFBEE9F6 /* [CP] Copy Pods Resources */,
			);
			buildRules = (
			);
			dependencies = (
				984F3C551FA96013001D738F /* PBXTargetDependency */,
			);
			name = TipCalculatorUITests;
			productName = TipCalculatorUITests;
			productReference = 984F3C531FA96013001D738F /* TipCalculatorUITests.xctest */;
			productType = "com.apple.product-type.bundle.ui-testing";
		};
/* End PBXNativeTarget section */

/* Begin PBXProject section */
		984F3C2C1FA96012001D738F /* Project object */ = {
			isa = PBXProject;
			attributes = {
				LastSwiftUpdateCheck = 0900;
				LastUpgradeCheck = 0900;
				ORGANIZATIONNAME = "Mihai Ruber";
				TargetAttributes = {
					984F3C331FA96013001D738F = {
						CreatedOnToolsVersion = 9.0.1;
						ProvisioningStyle = Automatic;
					};
					984F3C471FA96013001D738F = {
						CreatedOnToolsVersion = 9.0.1;
						ProvisioningStyle = Automatic;
						TestTargetID = 984F3C331FA96013001D738F;
					};
					984F3C521FA96013001D738F = {
						CreatedOnToolsVersion = 9.0.1;
						ProvisioningStyle = Automatic;
						TestTargetID = 984F3C331FA96013001D738F;
					};
				};
			};
			buildConfigurationList = 984F3C2F1FA96012001D738F /* Build configuration list for PBXProject "TipCalculator" */;
			compatibilityVersion = "Xcode 8.0";
			developmentRegion = en;
			hasScannedForEncodings = 0;
			knownRegions = (
				en,
				Base,
			);
			mainGroup = 984F3C2B1FA96012001D738F;
			productRefGroup = 984F3C351FA96013001D738F /* Products */;
			projectDirPath = "";
			projectRoot = "";
			targets = (
				984F3C331FA96013001D738F /* TipCalculator */,
				984F3C471FA96013001D738F /* TipCalculatorTests */,
				984F3C521FA96013001D738F /* TipCalculatorUITests */,
			);
		};
/* End PBXProject section */

/* Begin PBXResourcesBuildPhase section */
		984F3C321FA96013001D738F /* Resources */ = {
			isa = PBXResourcesBuildPhase;
			buildActionMask = 2147483647;
			files = (
				984F3C421FA96013001D738F /* LaunchScreen.storyboard in Resources */,
				984F3C3F1FA96013001D738F /* Assets.xcassets in Resources */,
				984F3C3D1FA96013001D738F /* Main.storyboard in Resources */,
			);
			runOnlyForDeploymentPostprocessing = 0;
		};
		984F3C461FA96013001D738F /* Resources */ = {
			isa = PBXResourcesBuildPhase;
			buildActionMask = 2147483647;
			files = (
			);
			runOnlyForDeploymentPostprocessing = 0;
		};
		984F3C511FA96013001D738F /* Resources */ = {
			isa = PBXResourcesBuildPhase;
			buildActionMask = 2147483647;
			files = (
			);
			runOnlyForDeploymentPostprocessing = 0;
		};
/* End PBXResourcesBuildPhase section */

/* Begin PBXShellScriptBuildPhase section */
		0A90216DD31353C2BFBEE9F6 /* [CP] Copy Pods Resources */ = {
			isa = PBXShellScriptBuildPhase;
			buildActionMask = 2147483647;
			files = (
			);
			inputPaths = (
			);
			name = "[CP] Copy Pods Resources";
			outputPaths = (
			);
			runOnlyForDeploymentPostprocessing = 0;
			shellPath = /bin/sh;
			shellScript = "\"${SRCROOT}/Pods/Target Support Files/Pods-TipCalculatorUITests/Pods-TipCalculatorUITests-resources.sh\"\n";
			showEnvVarsInLog = 0;
		};
		1555CBD2AA61E9293FF13502 /* [CP] Embed Pods Frameworks */ = {
			isa = PBXShellScriptBuildPhase;
			buildActionMask = 2147483647;
			files = (
			);
			inputPaths = (
				"${SRCROOT}/Pods/Target Support Files/Pods-TipCalculator/Pods-TipCalculator-frameworks.sh",
				"${BUILT_PRODUCTS_DIR}/IQKeyboardManagerSwift/IQKeyboardManagerSwift.framework",
			);
			name = "[CP] Embed Pods Frameworks";
			outputPaths = (
				"${TARGET_BUILD_DIR}/${FRAMEWORKS_FOLDER_PATH}/IQKeyboardManagerSwift.framework",
			);
			runOnlyForDeploymentPostprocessing = 0;
			shellPath = /bin/sh;
			shellScript = "\"${SRCROOT}/Pods/Target Support Files/Pods-TipCalculator/Pods-TipCalculator-frameworks.sh\"\n";
			showEnvVarsInLog = 0;
		};
		2A593C08D169DC5634F7A8BF /* [CP] Check Pods Manifest.lock */ = {
			isa = PBXShellScriptBuildPhase;
			buildActionMask = 2147483647;
			files = (
			);
			inputPaths = (
				"${PODS_PODFILE_DIR_PATH}/Podfile.lock",
				"${PODS_ROOT}/Manifest.lock",
			);
			name = "[CP] Check Pods Manifest.lock";
			outputPaths = (
				"$(DERIVED_FILE_DIR)/Pods-TipCalculator-checkManifestLockResult.txt",
			);
			runOnlyForDeploymentPostprocessing = 0;
			shellPath = /bin/sh;
			shellScript = "diff \"${PODS_PODFILE_DIR_PATH}/Podfile.lock\" \"${PODS_ROOT}/Manifest.lock\" > /dev/null\nif [ $? != 0 ] ; then\n    # print error to STDERR\n    echo \"error: The sandbox is not in sync with the Podfile.lock. Run 'pod install' or update your CocoaPods installation.\" >&2\n    exit 1\nfi\n# This output is used by Xcode 'outputs' to avoid re-running this script phase.\necho \"SUCCESS\" > \"${SCRIPT_OUTPUT_FILE_0}\"\n";
			showEnvVarsInLog = 0;
		};
		2D1ABB8A955183D499AFBF3E /* [CP] Embed Pods Frameworks */ = {
			isa = PBXShellScriptBuildPhase;
			buildActionMask = 2147483647;
			files = (
			);
			inputPaths = (
			);
			name = "[CP] Embed Pods Frameworks";
			outputPaths = (
			);
			runOnlyForDeploymentPostprocessing = 0;
			shellPath = /bin/sh;
			shellScript = "\"${SRCROOT}/Pods/Target Support Files/Pods-TipCalculatorTests/Pods-TipCalculatorTests-frameworks.sh\"\n";
			showEnvVarsInLog = 0;
		};
		35FC805F7662509EC5419D28 /* [CP] Check Pods Manifest.lock */ = {
			isa = PBXShellScriptBuildPhase;
			buildActionMask = 2147483647;
			files = (
			);
			inputPaths = (
				"${PODS_PODFILE_DIR_PATH}/Podfile.lock",
				"${PODS_ROOT}/Manifest.lock",
			);
			name = "[CP] Check Pods Manifest.lock";
			outputPaths = (
				"$(DERIVED_FILE_DIR)/Pods-TipCalculatorTests-checkManifestLockResult.txt",
			);
			runOnlyForDeploymentPostprocessing = 0;
			shellPath = /bin/sh;
			shellScript = "diff \"${PODS_PODFILE_DIR_PATH}/Podfile.lock\" \"${PODS_ROOT}/Manifest.lock\" > /dev/null\nif [ $? != 0 ] ; then\n    # print error to STDERR\n    echo \"error: The sandbox is not in sync with the Podfile.lock. Run 'pod install' or update your CocoaPods installation.\" >&2\n    exit 1\nfi\n# This output is used by Xcode 'outputs' to avoid re-running this script phase.\necho \"SUCCESS\" > \"${SCRIPT_OUTPUT_FILE_0}\"\n";
			showEnvVarsInLog = 0;
		};
		614F02E1B5EA0051BF6D53F1 /* [CP] Copy Pods Resources */ = {
			isa = PBXShellScriptBuildPhase;
			buildActionMask = 2147483647;
			files = (
			);
			inputPaths = (
			);
			name = "[CP] Copy Pods Resources";
			outputPaths = (
			);
			runOnlyForDeploymentPostprocessing = 0;
			shellPath = /bin/sh;
			shellScript = "\"${SRCROOT}/Pods/Target Support Files/Pods-TipCalculator/Pods-TipCalculator-resources.sh\"\n";
			showEnvVarsInLog = 0;
		};
		B5656D5C36F7D03379396AF2 /* [CP] Check Pods Manifest.lock */ = {
			isa = PBXShellScriptBuildPhase;
			buildActionMask = 2147483647;
			files = (
			);
			inputPaths = (
				"${PODS_PODFILE_DIR_PATH}/Podfile.lock",
				"${PODS_ROOT}/Manifest.lock",
			);
			name = "[CP] Check Pods Manifest.lock";
			outputPaths = (
				"$(DERIVED_FILE_DIR)/Pods-TipCalculatorUITests-checkManifestLockResult.txt",
			);
			runOnlyForDeploymentPostprocessing = 0;
			shellPath = /bin/sh;
			shellScript = "diff \"${PODS_PODFILE_DIR_PATH}/Podfile.lock\" \"${PODS_ROOT}/Manifest.lock\" > /dev/null\nif [ $? != 0 ] ; then\n    # print error to STDERR\n    echo \"error: The sandbox is not in sync with the Podfile.lock. Run 'pod install' or update your CocoaPods installation.\" >&2\n    exit 1\nfi\n# This output is used by Xcode 'outputs' to avoid re-running this script phase.\necho \"SUCCESS\" > \"${SCRIPT_OUTPUT_FILE_0}\"\n";
			showEnvVarsInLog = 0;
		};
		EACCD8072E8F32699A1E873A /* [CP] Copy Pods Resources */ = {
			isa = PBXShellScriptBuildPhase;
			buildActionMask = 2147483647;
			files = (
			);
			inputPaths = (
			);
			name = "[CP] Copy Pods Resources";
			outputPaths = (
			);
			runOnlyForDeploymentPostprocessing = 0;
			shellPath = /bin/sh;
			shellScript = "\"${SRCROOT}/Pods/Target Support Files/Pods-TipCalculatorTests/Pods-TipCalculatorTests-resources.sh\"\n";
			showEnvVarsInLog = 0;
		};
		EE5E3618F3251A422DF3566A /* [CP] Embed Pods Frameworks */ = {
			isa = PBXShellScriptBuildPhase;
			buildActionMask = 2147483647;
			files = (
			);
			inputPaths = (
			);
			name = "[CP] Embed Pods Frameworks";
			outputPaths = (
			);
			runOnlyForDeploymentPostprocessing = 0;
			shellPath = /bin/sh;
			shellScript = "\"${SRCROOT}/Pods/Target Support Files/Pods-TipCalculatorUITests/Pods-TipCalculatorUITests-frameworks.sh\"\n";
			showEnvVarsInLog = 0;
		};
/* End PBXShellScriptBuildPhase section */

/* Begin PBXSourcesBuildPhase section */
		984F3C301FA96013001D738F /* Sources */ = {
			isa = PBXSourcesBuildPhase;
			buildActionMask = 2147483647;
			files = (
				984F3C3A1FA96013001D738F /* ViewController.swift in Sources */,
				984F3C381FA96013001D738F /* AppDelegate.swift in Sources */,
				9881DE451FAA6A82000A89A2 /* billTextField.swift in Sources */,
				9881DE401FAA62EF000A89A2 /* SettingsViewController.swift in Sources */,
			);
			runOnlyForDeploymentPostprocessing = 0;
		};
		984F3C441FA96013001D738F /* Sources */ = {
			isa = PBXSourcesBuildPhase;
			buildActionMask = 2147483647;
			files = (
				984F3C4D1FA96013001D738F /* TipCalculatorTests.swift in Sources */,
			);
			runOnlyForDeploymentPostprocessing = 0;
		};
		984F3C4F1FA96013001D738F /* Sources */ = {
			isa = PBXSourcesBuildPhase;
			buildActionMask = 2147483647;
			files = (
				984F3C581FA96013001D738F /* TipCalculatorUITests.swift in Sources */,
			);
			runOnlyForDeploymentPostprocessing = 0;
		};
/* End PBXSourcesBuildPhase section */

/* Begin PBXTargetDependency section */
		984F3C4A1FA96013001D738F /* PBXTargetDependency */ = {
			isa = PBXTargetDependency;
			target = 984F3C331FA96013001D738F /* TipCalculator */;
			targetProxy = 984F3C491FA96013001D738F /* PBXContainerItemProxy */;
		};
		984F3C551FA96013001D738F /* PBXTargetDependency */ = {
			isa = PBXTargetDependency;
			target = 984F3C331FA96013001D738F /* TipCalculator */;
			targetProxy = 984F3C541FA96013001D738F /* PBXContainerItemProxy */;
		};
/* End PBXTargetDependency section */

/* Begin PBXVariantGroup section */
		984F3C3B1FA96013001D738F /* Main.storyboard */ = {
			isa = PBXVariantGroup;
			children = (
				984F3C3C1FA96013001D738F /* Base */,
			);
			name = Main.storyboard;
			sourceTree = "<group>";
		};
		984F3C401FA96013001D738F /* LaunchScreen.storyboard */ = {
			isa = PBXVariantGroup;
			children = (
				984F3C411FA96013001D738F /* Base */,
			);
			name = LaunchScreen.storyboard;
			sourceTree = "<group>";
		};
/* End PBXVariantGroup section */

/* Begin XCBuildConfiguration section */
		984F3C5A1FA96013001D738F /* Debug */ = {
			isa = XCBuildConfiguration;
			buildSettings = {
				ALWAYS_SEARCH_USER_PATHS = NO;
				CLANG_ANALYZER_NONNULL = YES;
				CLANG_ANALYZER_NUMBER_OBJECT_CONVERSION = YES_AGGRESSIVE;
				CLANG_CXX_LANGUAGE_STANDARD = "gnu++14";
				CLANG_CXX_LIBRARY = "libc++";
				CLANG_ENABLE_MODULES = YES;
				CLANG_ENABLE_OBJC_ARC = YES;
				CLANG_WARN_BLOCK_CAPTURE_AUTORELEASING = YES;
				CLANG_WARN_BOOL_CONVERSION = YES;
				CLANG_WARN_COMMA = YES;
				CLANG_WARN_CONSTANT_CONVERSION = YES;
				CLANG_WARN_DIRECT_OBJC_ISA_USAGE = YES_ERROR;
				CLANG_WARN_DOCUMENTATION_COMMENTS = YES;
				CLANG_WARN_EMPTY_BODY = YES;
				CLANG_WARN_ENUM_CONVERSION = YES;
				CLANG_WARN_INFINITE_RECURSION = YES;
				CLANG_WARN_INT_CONVERSION = YES;
				CLANG_WARN_NON_LITERAL_NULL_CONVERSION = YES;
				CLANG_WARN_OBJC_LITERAL_CONVERSION = YES;
				CLANG_WARN_OBJC_ROOT_CLASS = YES_ERROR;
				CLANG_WARN_RANGE_LOOP_ANALYSIS = YES;
				CLANG_WARN_STRICT_PROTOTYPES = YES;
				CLANG_WARN_SUSPICIOUS_MOVE = YES;
				CLANG_WARN_UNGUARDED_AVAILABILITY = YES_AGGRESSIVE;
				CLANG_WARN_UNREACHABLE_CODE = YES;
				CLANG_WARN__DUPLICATE_METHOD_MATCH = YES;
				CODE_SIGN_IDENTITY = "iPhone Developer";
				COPY_PHASE_STRIP = NO;
				DEBUG_INFORMATION_FORMAT = dwarf;
				ENABLE_STRICT_OBJC_MSGSEND = YES;
				ENABLE_TESTABILITY = YES;
				GCC_C_LANGUAGE_STANDARD = gnu11;
				GCC_DYNAMIC_NO_PIC = NO;
				GCC_NO_COMMON_BLOCKS = YES;
				GCC_OPTIMIZATION_LEVEL = 0;
				GCC_PREPROCESSOR_DEFINITIONS = (
					"DEBUG=1",
					"$(inherited)",
				);
				GCC_WARN_64_TO_32_BIT_CONVERSION = YES;
				GCC_WARN_ABOUT_RETURN_TYPE = YES_ERROR;
				GCC_WARN_UNDECLARED_SELECTOR = YES;
				GCC_WARN_UNINITIALIZED_AUTOS = YES_AGGRESSIVE;
				GCC_WARN_UNUSED_FUNCTION = YES;
				GCC_WARN_UNUSED_VARIABLE = YES;
				IPHONEOS_DEPLOYMENT_TARGET = 11.0;
				MTL_ENABLE_DEBUG_INFO = YES;
				ONLY_ACTIVE_ARCH = YES;
				SDKROOT = iphoneos;
				SWIFT_ACTIVE_COMPILATION_CONDITIONS = DEBUG;
				SWIFT_OPTIMIZATION_LEVEL = "-Onone";
			};
			name = Debug;
		};
		984F3C5B1FA96013001D738F /* Release */ = {
			isa = XCBuildConfiguration;
			buildSettings = {
				ALWAYS_SEARCH_USER_PATHS = NO;
				CLANG_ANALYZER_NONNULL = YES;
				CLANG_ANALYZER_NUMBER_OBJECT_CONVERSION = YES_AGGRESSIVE;
				CLANG_CXX_LANGUAGE_STANDARD = "gnu++14";
				CLANG_CXX_LIBRARY = "libc++";
				CLANG_ENABLE_MODULES = YES;
				CLANG_ENABLE_OBJC_ARC = YES;
				CLANG_WARN_BLOCK_CAPTURE_AUTORELEASING = YES;
				CLANG_WARN_BOOL_CONVERSION = YES;
				CLANG_WARN_COMMA = YES;
				CLANG_WARN_CONSTANT_CONVERSION = YES;
				CLANG_WARN_DIRECT_OBJC_ISA_USAGE = YES_ERROR;
				CLANG_WARN_DOCUMENTATION_COMMENTS = YES;
				CLANG_WARN_EMPTY_BODY = YES;
				CLANG_WARN_ENUM_CONVERSION = YES;
				CLANG_WARN_INFINITE_RECURSION = YES;
				CLANG_WARN_INT_CONVERSION = YES;
				CLANG_WARN_NON_LITERAL_NULL_CONVERSION = YES;
				CLANG_WARN_OBJC_LITERAL_CONVERSION = YES;
				CLANG_WARN_OBJC_ROOT_CLASS = YES_ERROR;
				CLANG_WARN_RANGE_LOOP_ANALYSIS = YES;
				CLANG_WARN_STRICT_PROTOTYPES = YES;
				CLANG_WARN_SUSPICIOUS_MOVE = YES;
				CLANG_WARN_UNGUARDED_AVAILABILITY = YES_AGGRESSIVE;
				CLANG_WARN_UNREACHABLE_CODE = YES;
				CLANG_WARN__DUPLICATE_METHOD_MATCH = YES;
				CODE_SIGN_IDENTITY = "iPhone Developer";
				COPY_PHASE_STRIP = NO;
				DEBUG_INFORMATION_FORMAT = "dwarf-with-dsym";
				ENABLE_NS_ASSERTIONS = NO;
				ENABLE_STRICT_OBJC_MSGSEND = YES;
				GCC_C_LANGUAGE_STANDARD = gnu11;
				GCC_NO_COMMON_BLOCKS = YES;
				GCC_WARN_64_TO_32_BIT_CONVERSION = YES;
				GCC_WARN_ABOUT_RETURN_TYPE = YES_ERROR;
				GCC_WARN_UNDECLARED_SELECTOR = YES;
				GCC_WARN_UNINITIALIZED_AUTOS = YES_AGGRESSIVE;
				GCC_WARN_UNUSED_FUNCTION = YES;
				GCC_WARN_UNUSED_VARIABLE = YES;
				IPHONEOS_DEPLOYMENT_TARGET = 11.0;
				MTL_ENABLE_DEBUG_INFO = NO;
				SDKROOT = iphoneos;
				SWIFT_OPTIMIZATION_LEVEL = "-Owholemodule";
				VALIDATE_PRODUCT = YES;
			};
			name = Release;
		};
		984F3C5D1FA96013001D738F /* Debug */ = {
			isa = XCBuildConfiguration;
			baseConfigurationReference = C361B3FC73BE7698E664405E /* Pods-TipCalculator.debug.xcconfig */;
			buildSettings = {
				ASSETCATALOG_COMPILER_APPICON_NAME = AppIcon;
				CODE_SIGN_STYLE = Automatic;
				DEVELOPMENT_TEAM = DSX523G48J;
				INFOPLIST_FILE = TipCalculator/Info.plist;
				LD_RUNPATH_SEARCH_PATHS = "$(inherited) @executable_path/Frameworks";
				PRODUCT_BUNDLE_IDENTIFIER = com.ruberapps.TipCalculator;
				PRODUCT_NAME = "$(TARGET_NAME)";
				SWIFT_VERSION = 4.0;
				TARGETED_DEVICE_FAMILY = "1,2";
			};
			name = Debug;
		};
		984F3C5E1FA96013001D738F /* Release */ = {
			isa = XCBuildConfiguration;
			baseConfigurationReference = 58C48E9389ED5B6E6FC5AD40 /* Pods-TipCalculator.release.xcconfig */;
			buildSettings = {
				ASSETCATALOG_COMPILER_APPICON_NAME = AppIcon;
				CODE_SIGN_STYLE = Automatic;
				DEVELOPMENT_TEAM = DSX523G48J;
				INFOPLIST_FILE = TipCalculator/Info.plist;
				LD_RUNPATH_SEARCH_PATHS = "$(inherited) @executable_path/Frameworks";
				PRODUCT_BUNDLE_IDENTIFIER = com.ruberapps.TipCalculator;
				PRODUCT_NAME = "$(TARGET_NAME)";
				SWIFT_VERSION = 4.0;
				TARGETED_DEVICE_FAMILY = "1,2";
			};
			name = Release;
		};
		984F3C601FA96013001D738F /* Debug */ = {
			isa = XCBuildConfiguration;
			baseConfigurationReference = C679CCB8EB918EBABF05D050 /* Pods-TipCalculatorTests.debug.xcconfig */;
			buildSettings = {
				ALWAYS_EMBED_SWIFT_STANDARD_LIBRARIES = YES;
				BUNDLE_LOADER = "$(TEST_HOST)";
				CODE_SIGN_STYLE = Automatic;
				DEVELOPMENT_TEAM = DSX523G48J;
				INFOPLIST_FILE = TipCalculatorTests/Info.plist;
				LD_RUNPATH_SEARCH_PATHS = "$(inherited) @executable_path/Frameworks @loader_path/Frameworks";
				PRODUCT_BUNDLE_IDENTIFIER = com.ruberapps.TipCalculatorTests;
				PRODUCT_NAME = "$(TARGET_NAME)";
				SWIFT_VERSION = 4.0;
				TARGETED_DEVICE_FAMILY = "1,2";
				TEST_HOST = "$(BUILT_PRODUCTS_DIR)/TipCalculator.app/TipCalculator";
			};
			name = Debug;
		};
		984F3C611FA96013001D738F /* Release */ = {
			isa = XCBuildConfiguration;
			baseConfigurationReference = 704374E93FDBC9B41D92F2EA /* Pods-TipCalculatorTests.release.xcconfig */;
			buildSettings = {
				ALWAYS_EMBED_SWIFT_STANDARD_LIBRARIES = YES;
				BUNDLE_LOADER = "$(TEST_HOST)";
				CODE_SIGN_STYLE = Automatic;
				DEVELOPMENT_TEAM = DSX523G48J;
				INFOPLIST_FILE = TipCalculatorTests/Info.plist;
				LD_RUNPATH_SEARCH_PATHS = "$(inherited) @executable_path/Frameworks @loader_path/Frameworks";
				PRODUCT_BUNDLE_IDENTIFIER = com.ruberapps.TipCalculatorTests;
				PRODUCT_NAME = "$(TARGET_NAME)";
				SWIFT_VERSION = 4.0;
				TARGETED_DEVICE_FAMILY = "1,2";
				TEST_HOST = "$(BUILT_PRODUCTS_DIR)/TipCalculator.app/TipCalculator";
			};
			name = Release;
		};
		984F3C631FA96013001D738F /* Debug */ = {
			isa = XCBuildConfiguration;
			baseConfigurationReference = 96FC687C0AF8C97751AA75C5 /* Pods-TipCalculatorUITests.debug.xcconfig */;
			buildSettings = {
				ALWAYS_EMBED_SWIFT_STANDARD_LIBRARIES = YES;
				CODE_SIGN_STYLE = Automatic;
				DEVELOPMENT_TEAM = DSX523G48J;
				INFOPLIST_FILE = TipCalculatorUITests/Info.plist;
				LD_RUNPATH_SEARCH_PATHS = "$(inherited) @executable_path/Frameworks @loader_path/Frameworks";
				PRODUCT_BUNDLE_IDENTIFIER = com.ruberapps.TipCalculatorUITests;
				PRODUCT_NAME = "$(TARGET_NAME)";
				SWIFT_VERSION = 4.0;
				TARGETED_DEVICE_FAMILY = "1,2";
				TEST_TARGET_NAME = TipCalculator;
			};
			name = Debug;
		};
		984F3C641FA96013001D738F /* Release */ = {
			isa = XCBuildConfiguration;
			baseConfigurationReference = 0DE42A286CABAB2EB81CDAD4 /* Pods-TipCalculatorUITests.release.xcconfig */;
			buildSettings = {
				ALWAYS_EMBED_SWIFT_STANDARD_LIBRARIES = YES;
				CODE_SIGN_STYLE = Automatic;
				DEVELOPMENT_TEAM = DSX523G48J;
				INFOPLIST_FILE = TipCalculatorUITests/Info.plist;
				LD_RUNPATH_SEARCH_PATHS = "$(inherited) @executable_path/Frameworks @loader_path/Frameworks";
				PRODUCT_BUNDLE_IDENTIFIER = com.ruberapps.TipCalculatorUITests;
				PRODUCT_NAME = "$(TARGET_NAME)";
				SWIFT_VERSION = 4.0;
				TARGETED_DEVICE_FAMILY = "1,2";
				TEST_TARGET_NAME = TipCalculator;
			};
			name = Release;
		};
/* End XCBuildConfiguration section */

/* Begin XCConfigurationList section */
		984F3C2F1FA96012001D738F /* Build configuration list for PBXProject "TipCalculator" */ = {
			isa = XCConfigurationList;
			buildConfigurations = (
				984F3C5A1FA96013001D738F /* Debug */,
				984F3C5B1FA96013001D738F /* Release */,
			);
			defaultConfigurationIsVisible = 0;
			defaultConfigurationName = Release;
		};
		984F3C5C1FA96013001D738F /* Build configuration list for PBXNativeTarget "TipCalculator" */ = {
			isa = XCConfigurationList;
			buildConfigurations = (
				984F3C5D1FA96013001D738F /* Debug */,
				984F3C5E1FA96013001D738F /* Release */,
			);
			defaultConfigurationIsVisible = 0;
			defaultConfigurationName = Release;
		};
		984F3C5F1FA96013001D738F /* Build configuration list for PBXNativeTarget "TipCalculatorTests" */ = {
			isa = XCConfigurationList;
			buildConfigurations = (
				984F3C601FA96013001D738F /* Debug */,
				984F3C611FA96013001D738F /* Release */,
			);
			defaultConfigurationIsVisible = 0;
			defaultConfigurationName = Release;
		};
		984F3C621FA96013001D738F /* Build configuration list for PBXNativeTarget "TipCalculatorUITests" */ = {
			isa = XCConfigurationList;
			buildConfigurations = (
				984F3C631FA96013001D738F /* Debug */,
				984F3C641FA96013001D738F /* Release */,
			);
			defaultConfigurationIsVisible = 0;
			defaultConfigurationName = Release;
		};
/* End XCConfigurationList section */
	};
	rootObject = 984F3C2C1FA96012001D738F /* Project object */;
}
